// !$*UTF8*$!
{
	archiveVersion = 1;
	classes = {
	};
	objectVersion = 56;
	objects = {

/* Begin PBXBuildFile section */
		A6D633E22C1D2824008758E3 /* ChatPrototypeApp.swift in Sources */ = {isa = PBXBuildFile; fileRef = A6D633E12C1D2824008758E3 /* ChatPrototypeApp.swift */; };
		A6D633E42C1D2824008758E3 /* ContentView.swift in Sources */ = {isa = PBXBuildFile; fileRef = A6D633E32C1D2824008758E3 /* ContentView.swift */; };
		A6D633E62C1D2825008758E3 /* Assets.xcassets in Resources */ = {isa = PBXBuildFile; fileRef = A6D633E52C1D2825008758E3 /* Assets.xcassets */; };
		A6D633EA2C1D2825008758E3 /* Preview Assets.xcassets in Resources */ = {isa = PBXBuildFile; fileRef = A6D633E92C1D2825008758E3 /* Preview Assets.xcassets */; };
		A6D633F42C1D2826008758E3 /* ChatPrototypeTests.swift in Sources */ = {isa = PBXBuildFile; fileRef = A6D633F32C1D2826008758E3 /* ChatPrototypeTests.swift */; };
		A6D633FE2C1D2826008758E3 /* ChatPrototypeUITests.swift in Sources */ = {isa = PBXBuildFile; fileRef = A6D633FD2C1D2826008758E3 /* ChatPrototypeUITests.swift */; };
		A6D634002C1D2826008758E3 /* ChatPrototypeUITestsLaunchTests.swift in Sources */ = {isa = PBXBuildFile; fileRef = A6D633FF2C1D2826008758E3 /* ChatPrototypeUITestsLaunchTests.swift */; };
/* End PBXBuildFile section */

/* Begin PBXContainerItemProxy section */
		A6D633F02C1D2826008758E3 /* PBXContainerItemProxy */ = {
			isa = PBXContainerItemProxy;
			containerPortal = A6D633D62C1D2824008758E3 /* Project object */;
			proxyType = 1;
			remoteGlobalIDString = A6D633DD2C1D2824008758E3;
			remoteInfo = ChatPrototype;
		};
		A6D633FA2C1D2826008758E3 /* PBXContainerItemProxy */ = {
			isa = PBXContainerItemProxy;
			containerPortal = A6D633D62C1D2824008758E3 /* Project object */;
			proxyType = 1;
			remoteGlobalIDString = A6D633DD2C1D2824008758E3;
			remoteInfo = ChatPrototype;
		};
/* End PBXContainerItemProxy section */

/* Begin PBXFileReference section */
		A6D633DE2C1D2824008758E3 /* ChatPrototype.app */ = {isa = PBXFileReference; explicitFileType = wrapper.application; includeInIndex = 0; path = ChatPrototype.app; sourceTree = BUILT_PRODUCTS_DIR; };
		A6D633E12C1D2824008758E3 /* ChatPrototypeApp.swift */ = {isa = PBXFileReference; lastKnownFileType = sourcecode.swift; path = ChatPrototypeApp.swift; sourceTree = "<group>"; };
		A6D633E32C1D2824008758E3 /* ContentView.swift */ = {isa = PBXFileReference; lastKnownFileType = sourcecode.swift; path = ContentView.swift; sourceTree = "<group>"; };
		A6D633E52C1D2825008758E3 /* Assets.xcassets */ = {isa = PBXFileReference; lastKnownFileType = folder.assetcatalog; path = Assets.xcassets; sourceTree = "<group>"; };
		A6D633E72C1D2825008758E3 /* ChatPrototype.entitlements */ = {isa = PBXFileReference; lastKnownFileType = text.plist.entitlements; path = ChatPrototype.entitlements; sourceTree = "<group>"; };
		A6D633E92C1D2825008758E3 /* Preview Assets.xcassets */ = {isa = PBXFileReference; lastKnownFileType = folder.assetcatalog; path = "Preview Assets.xcassets"; sourceTree = "<group>"; };
		A6D633EF2C1D2826008758E3 /* ChatPrototypeTests.xctest */ = {isa = PBXFileReference; explicitFileType = wrapper.cfbundle; includeInIndex = 0; path = ChatPrototypeTests.xctest; sourceTree = BUILT_PRODUCTS_DIR; };
		A6D633F32C1D2826008758E3 /* ChatPrototypeTests.swift */ = {isa = PBXFileReference; lastKnownFileType = sourcecode.swift; path = ChatPrototypeTests.swift; sourceTree = "<group>"; };
		A6D633F92C1D2826008758E3 /* ChatPrototypeUITests.xctest */ = {isa = PBXFileReference; explicitFileType = wrapper.cfbundle; includeInIndex = 0; path = ChatPrototypeUITests.xctest; sourceTree = BUILT_PRODUCTS_DIR; };
		A6D633FD2C1D2826008758E3 /* ChatPrototypeUITests.swift */ = {isa = PBXFileReference; lastKnownFileType = sourcecode.swift; path = ChatPrototypeUITests.swift; sourceTree = "<group>"; };
		A6D633FF2C1D2826008758E3 /* ChatPrototypeUITestsLaunchTests.swift */ = {isa = PBXFileReference; lastKnownFileType = sourcecode.swift; path = ChatPrototypeUITestsLaunchTests.swift; sourceTree = "<group>"; };
/* End PBXFileReference section */

/* Begin PBXFrameworksBuildPhase section */
		A6D633DB2C1D2824008758E3 /* Frameworks */ = {
			isa = PBXFrameworksBuildPhase;
			buildActionMask = 2147483647;
			files = (
			);
			runOnlyForDeploymentPostprocessing = 0;
		};
		A6D633EC2C1D2826008758E3 /* Frameworks */ = {
			isa = PBXFrameworksBuildPhase;
			buildActionMask = 2147483647;
			files = (
			);
			runOnlyForDeploymentPostprocessing = 0;
		};
		A6D633F62C1D2826008758E3 /* Frameworks */ = {
			isa = PBXFrameworksBuildPhase;
			buildActionMask = 2147483647;
			files = (
			);
			runOnlyForDeploymentPostprocessing = 0;
		};
/* End PBXFrameworksBuildPhase section */

/* Begin PBXGroup section */
		A6D633D52C1D2824008758E3 = {
			isa = PBXGroup;
			children = (
				A6D633E02C1D2824008758E3 /* ChatPrototype */,
				A6D633F22C1D2826008758E3 /* ChatPrototypeTests */,
				A6D633FC2C1D2826008758E3 /* ChatPrototypeUITests */,
				A6D633DF2C1D2824008758E3 /* Products */,
			);
			sourceTree = "<group>";
		};
		A6D633DF2C1D2824008758E3 /* Products */ = {
			isa = PBXGroup;
			children = (
				A6D633DE2C1D2824008758E3 /* ChatPrototype.app */,
				A6D633EF2C1D2826008758E3 /* ChatPrototypeTests.xctest */,
				A6D633F92C1D2826008758E3 /* ChatPrototypeUITests.xctest */,
			);
			name = Products;
			sourceTree = "<group>";
		};
		A6D633E02C1D2824008758E3 /* ChatPrototype */ = {
			isa = PBXGroup;
			children = (
				A6D633E12C1D2824008758E3 /* ChatPrototypeApp.swift */,
				A6D633E32C1D2824008758E3 /* ContentView.swift */,
				A6D633E52C1D2825008758E3 /* Assets.xcassets */,
				A6D633E72C1D2825008758E3 /* ChatPrototype.entitlements */,
				A6D633E82C1D2825008758E3 /* Preview Content */,
			);
			path = ChatPrototype;
			sourceTree = "<group>";
		};
		A6D633E82C1D2825008758E3 /* Preview Content */ = {
			isa = PBXGroup;
			children = (
				A6D633E92C1D2825008758E3 /* Preview Assets.xcassets */,
			);
			path = "Preview Content";
			sourceTree = "<group>";
		};
		A6D633F22C1D2826008758E3 /* ChatPrototypeTests */ = {
			isa = PBXGroup;
			children = (
				A6D633F32C1D2826008758E3 /* ChatPrototypeTests.swift */,
			);
			path = ChatPrototypeTests;
			sourceTree = "<group>";
		};
		A6D633FC2C1D2826008758E3 /* ChatPrototypeUITests */ = {
			isa = PBXGroup;
			children = (
				A6D633FD2C1D2826008758E3 /* ChatPrototypeUITests.swift */,
				A6D633FF2C1D2826008758E3 /* ChatPrototypeUITestsLaunchTests.swift */,
			);
			path = ChatPrototypeUITests;
			sourceTree = "<group>";
		};
/* End PBXGroup section */

/* Begin PBXNativeTarget section */
		A6D633DD2C1D2824008758E3 /* ChatPrototype */ = {
			isa = PBXNativeTarget;
			buildConfigurationList = A6D634032C1D2826008758E3 /* Build configuration list for PBXNativeTarget "ChatPrototype" */;
			buildPhases = (
				A6D633DA2C1D2824008758E3 /* Sources */,
				A6D633DB2C1D2824008758E3 /* Frameworks */,
				A6D633DC2C1D2824008758E3 /* Resources */,
			);
			buildRules = (
			);
			dependencies = (
			);
			name = ChatPrototype;
			productName = ChatPrototype;
			productReference = A6D633DE2C1D2824008758E3 /* ChatPrototype.app */;
			productType = "com.apple.product-type.application";
		};
		A6D633EE2C1D2826008758E3 /* ChatPrototypeTests */ = {
			isa = PBXNativeTarget;
			buildConfigurationList = A6D634062C1D2826008758E3 /* Build configuration list for PBXNativeTarget "ChatPrototypeTests" */;
			buildPhases = (
				A6D633EB2C1D2826008758E3 /* Sources */,
				A6D633EC2C1D2826008758E3 /* Frameworks */,
				A6D633ED2C1D2826008758E3 /* Resources */,
			);
			buildRules = (
			);
			dependencies = (
				A6D633F12C1D2826008758E3 /* PBXTargetDependency */,
			);
			name = ChatPrototypeTests;
			productName = ChatPrototypeTests;
			productReference = A6D633EF2C1D2826008758E3 /* ChatPrototypeTests.xctest */;
			productType = "com.apple.product-type.bundle.unit-test";
		};
		A6D633F82C1D2826008758E3 /* ChatPrototypeUITests */ = {
			isa = PBXNativeTarget;
			buildConfigurationList = A6D634092C1D2826008758E3 /* Build configuration list for PBXNativeTarget "ChatPrototypeUITests" */;
			buildPhases = (
				A6D633F52C1D2826008758E3 /* Sources */,
				A6D633F62C1D2826008758E3 /* Frameworks */,
				A6D633F72C1D2826008758E3 /* Resources */,
			);
			buildRules = (
			);
			dependencies = (
				A6D633FB2C1D2826008758E3 /* PBXTargetDependency */,
			);
			name = ChatPrototypeUITests;
			productName = ChatPrototypeUITests;
			productReference = A6D633F92C1D2826008758E3 /* ChatPrototypeUITests.xctest */;
			productType = "com.apple.product-type.bundle.ui-testing";
		};
/* End PBXNativeTarget section */

/* Begin PBXProject section */
		A6D633D62C1D2824008758E3 /* Project object */ = {
			isa = PBXProject;
			attributes = {
				BuildIndependentTargetsInParallel = 1;
				LastSwiftUpdateCheck = 1540;
				LastUpgradeCheck = 1540;
				TargetAttributes = {
					A6D633DD2C1D2824008758E3 = {
						CreatedOnToolsVersion = 15.4;
					};
					A6D633EE2C1D2826008758E3 = {
						CreatedOnToolsVersion = 15.4;
						TestTargetID = A6D633DD2C1D2824008758E3;
					};
					A6D633F82C1D2826008758E3 = {
						CreatedOnToolsVersion = 15.4;
						TestTargetID = A6D633DD2C1D2824008758E3;
					};
				};
			};
			buildConfigurationList = A6D633D92C1D2824008758E3 /* Build configuration list for PBXProject "ChatPrototype" */;
			compatibilityVersion = "Xcode 14.0";
			developmentRegion = en;
			hasScannedForEncodings = 0;
			knownRegions = (
				en,
				Base,
			);
			mainGroup = A6D633D52C1D2824008758E3;
			productRefGroup = A6D633DF2C1D2824008758E3 /* Products */;
			projectDirPath = "";
			projectRoot = "";
			targets = (
				A6D633DD2C1D2824008758E3 /* ChatPrototype */,
				A6D633EE2C1D2826008758E3 /* ChatPrototypeTests */,
				A6D633F82C1D2826008758E3 /* ChatPrototypeUITests */,
			);
		};
/* End PBXProject section */

/* Begin PBXResourcesBuildPhase section */
		A6D633DC2C1D2824008758E3 /* Resources */ = {
			isa = PBXResourcesBuildPhase;
			buildActionMask = 2147483647;
			files = (
				A6D633EA2C1D2825008758E3 /* Preview Assets.xcassets in Resources */,
				A6D633E62C1D2825008758E3 /* Assets.xcassets in Resources */,
			);
			runOnlyForDeploymentPostprocessing = 0;
		};
		A6D633ED2C1D2826008758E3 /* Resources */ = {
			isa = PBXResourcesBuildPhase;
			buildActionMask = 2147483647;
			files = (
			);
			runOnlyForDeploymentPostprocessing = 0;
		};
		A6D633F72C1D2826008758E3 /* Resources */ = {
			isa = PBXResourcesBuildPhase;
			buildActionMask = 2147483647;
			files = (
			);
			runOnlyForDeploymentPostprocessing = 0;
		};
/* End PBXResourcesBuildPhase section */

/* Begin PBXSourcesBuildPhase section */
		A6D633DA2C1D2824008758E3 /* Sources */ = {
			isa = PBXSourcesBuildPhase;
			buildActionMask = 2147483647;
			files = (
				A6D633E42C1D2824008758E3 /* ContentView.swift in Sources */,
				A6D633E22C1D2824008758E3 /* ChatPrototypeApp.swift in Sources */,
			);
			runOnlyForDeploymentPostprocessing = 0;
		};
		A6D633EB2C1D2826008758E3 /* Sources */ = {
			isa = PBXSourcesBuildPhase;
			buildActionMask = 2147483647;
			files = (
				A6D633F42C1D2826008758E3 /* ChatPrototypeTests.swift in Sources */,
			);
			runOnlyForDeploymentPostprocessing = 0;
		};
		A6D633F52C1D2826008758E3 /* Sources */ = {
			isa = PBXSourcesBuildPhase;
			buildActionMask = 2147483647;
			files = (
				A6D633FE2C1D2826008758E3 /* ChatPrototypeUITests.swift in Sources */,
				A6D634002C1D2826008758E3 /* ChatPrototypeUITestsLaunchTests.swift in Sources */,
			);
			runOnlyForDeploymentPostprocessing = 0;
		};
/* End PBXSourcesBuildPhase section */

/* Begin PBXTargetDependency section */
		A6D633F12C1D2826008758E3 /* PBXTargetDependency */ = {
			isa = PBXTargetDependency;
			target = A6D633DD2C1D2824008758E3 /* ChatPrototype */;
			targetProxy = A6D633F02C1D2826008758E3 /* PBXContainerItemProxy */;
		};
		A6D633FB2C1D2826008758E3 /* PBXTargetDependency */ = {
			isa = PBXTargetDependency;
			target = A6D633DD2C1D2824008758E3 /* ChatPrototype */;
			targetProxy = A6D633FA2C1D2826008758E3 /* PBXContainerItemProxy */;
		};
/* End PBXTargetDependency section */

/* Begin XCBuildConfiguration section */
		A6D634012C1D2826008758E3 /* Debug */ = {
			isa = XCBuildConfiguration;
			buildSettings = {
				ALWAYS_SEARCH_USER_PATHS = NO;
				ASSETCATALOG_COMPILER_GENERATE_SWIFT_ASSET_SYMBOL_EXTENSIONS = YES;
				CLANG_ANALYZER_NONNULL = YES;
				CLANG_ANALYZER_NUMBER_OBJECT_CONVERSION = YES_AGGRESSIVE;
				CLANG_CXX_LANGUAGE_STANDARD = "gnu++20";
				CLANG_ENABLE_MODULES = YES;
				CLANG_ENABLE_OBJC_ARC = YES;
				CLANG_ENABLE_OBJC_WEAK = YES;
				CLANG_WARN_BLOCK_CAPTURE_AUTORELEASING = YES;
				CLANG_WARN_BOOL_CONVERSION = YES;
				CLANG_WARN_COMMA = YES;
				CLANG_WARN_CONSTANT_CONVERSION = YES;
				CLANG_WARN_DEPRECATED_OBJC_IMPLEMENTATIONS = YES;
				CLANG_WARN_DIRECT_OBJC_ISA_USAGE = YES_ERROR;
				CLANG_WARN_DOCUMENTATION_COMMENTS = YES;
				CLANG_WARN_EMPTY_BODY = YES;
				CLANG_WARN_ENUM_CONVERSION = YES;
				CLANG_WARN_INFINITE_RECURSION = YES;
				CLANG_WARN_INT_CONVERSION = YES;
				CLANG_WARN_NON_LITERAL_NULL_CONVERSION = YES;
				CLANG_WARN_OBJC_IMPLICIT_RETAIN_SELF = YES;
				CLANG_WARN_OBJC_LITERAL_CONVERSION = YES;
				CLANG_WARN_OBJC_ROOT_CLASS = YES_ERROR;
				CLANG_WARN_QUOTED_INCLUDE_IN_FRAMEWORK_HEADER = YES;
				CLANG_WARN_RANGE_LOOP_ANALYSIS = YES;
				CLANG_WARN_STRICT_PROTOTYPES = YES;
				CLANG_WARN_SUSPICIOUS_MOVE = YES;
				CLANG_WARN_UNGUARDED_AVAILABILITY = YES_AGGRESSIVE;
				CLANG_WARN_UNREACHABLE_CODE = YES;
				CLANG_WARN__DUPLICATE_METHOD_MATCH = YES;
				COPY_PHASE_STRIP = NO;
				DEBUG_INFORMATION_FORMAT = dwarf;
				ENABLE_STRICT_OBJC_MSGSEND = YES;
				ENABLE_TESTABILITY = YES;
				ENABLE_USER_SCRIPT_SANDBOXING = YES;
				GCC_C_LANGUAGE_STANDARD = gnu17;
				GCC_DYNAMIC_NO_PIC = NO;
				GCC_NO_COMMON_BLOCKS = YES;
				GCC_OPTIMIZATION_LEVEL = 0;
				GCC_PREPROCESSOR_DEFINITIONS = (
					"DEBUG=1",
					"$(inherited)",
				);
				GCC_WARN_64_TO_32_BIT_CONVERSION = YES;
				GCC_WARN_ABOUT_RETURN_TYPE = YES_ERROR;
				GCC_WARN_UNDECLARED_SELECTOR = YES;
				GCC_WARN_UNINITIALIZED_AUTOS = YES_AGGRESSIVE;
				GCC_WARN_UNUSED_FUNCTION = YES;
				GCC_WARN_UNUSED_VARIABLE = YES;
				LOCALIZATION_PREFERS_STRING_CATALOGS = YES;
				MTL_ENABLE_DEBUG_INFO = INCLUDE_SOURCE;
				MTL_FAST_MATH = YES;
				ONLY_ACTIVE_ARCH = YES;
				SWIFT_ACTIVE_COMPILATION_CONDITIONS = "DEBUG $(inherited)";
				SWIFT_OPTIMIZATION_LEVEL = "-Onone";
			};
			name = Debug;
		};
		A6D634022C1D2826008758E3 /* Release */ = {
			isa = XCBuildConfiguration;
			buildSettings = {
				ALWAYS_SEARCH_USER_PATHS = NO;
				ASSETCATALOG_COMPILER_GENERATE_SWIFT_ASSET_SYMBOL_EXTENSIONS = YES;
				CLANG_ANALYZER_NONNULL = YES;
				CLANG_ANALYZER_NUMBER_OBJECT_CONVERSION = YES_AGGRESSIVE;
				CLANG_CXX_LANGUAGE_STANDARD = "gnu++20";
				CLANG_ENABLE_MODULES = YES;
				CLANG_ENABLE_OBJC_ARC = YES;
				CLANG_ENABLE_OBJC_WEAK = YES;
				CLANG_WARN_BLOCK_CAPTURE_AUTORELEASING = YES;
				CLANG_WARN_BOOL_CONVERSION = YES;
				CLANG_WARN_COMMA = YES;
				CLANG_WARN_CONSTANT_CONVERSION = YES;
				CLANG_WARN_DEPRECATED_OBJC_IMPLEMENTATIONS = YES;
				CLANG_WARN_DIRECT_OBJC_ISA_USAGE = YES_ERROR;
				CLANG_WARN_DOCUMENTATION_COMMENTS = YES;
				CLANG_WARN_EMPTY_BODY = YES;
				CLANG_WARN_ENUM_CONVERSION = YES;
				CLANG_WARN_INFINITE_RECURSION = YES;
				CLANG_WARN_INT_CONVERSION = YES;
				CLANG_WARN_NON_LITERAL_NULL_CONVERSION = YES;
				CLANG_WARN_OBJC_IMPLICIT_RETAIN_SELF = YES;
				CLANG_WARN_OBJC_LITERAL_CONVERSION = YES;
				CLANG_WARN_OBJC_ROOT_CLASS = YES_ERROR;
				CLANG_WARN_QUOTED_INCLUDE_IN_FRAMEWORK_HEADER = YES;
				CLANG_WARN_RANGE_LOOP_ANALYSIS = YES;
				CLANG_WARN_STRICT_PROTOTYPES = YES;
				CLANG_WARN_SUSPICIOUS_MOVE = YES;
				CLANG_WARN_UNGUARDED_AVAILABILITY = YES_AGGRESSIVE;
				CLANG_WARN_UNREACHABLE_CODE = YES;
				CLANG_WARN__DUPLICATE_METHOD_MATCH = YES;
				COPY_PHASE_STRIP = NO;
				DEBUG_INFORMATION_FORMAT = "dwarf-with-dsym";
				ENABLE_NS_ASSERTIONS = NO;
				ENABLE_STRICT_OBJC_MSGSEND = YES;
				ENABLE_USER_SCRIPT_SANDBOXING = YES;
				GCC_C_LANGUAGE_STANDARD = gnu17;
				GCC_NO_COMMON_BLOCKS = YES;
				GCC_WARN_64_TO_32_BIT_CONVERSION = YES;
				GCC_WARN_ABOUT_RETURN_TYPE = YES_ERROR;
				GCC_WARN_UNDECLARED_SELECTOR = YES;
				GCC_WARN_UNINITIALIZED_AUTOS = YES_AGGRESSIVE;
				GCC_WARN_UNUSED_FUNCTION = YES;
				GCC_WARN_UNUSED_VARIABLE = YES;
				LOCALIZATION_PREFERS_STRING_CATALOGS = YES;
				MTL_ENABLE_DEBUG_INFO = NO;
				MTL_FAST_MATH = YES;
				SWIFT_COMPILATION_MODE = wholemodule;
			};
			name = Release;
		};
		A6D634042C1D2826008758E3 /* Debug */ = {
			isa = XCBuildConfiguration;
			buildSettings = {
				ASSETCATALOG_COMPILER_APPICON_NAME = AppIcon;
				ASSETCATALOG_COMPILER_GLOBAL_ACCENT_COLOR_NAME = AccentColor;
				CODE_SIGN_ENTITLEMENTS = ChatPrototype/ChatPrototype.entitlements;
				CODE_SIGN_STYLE = Automatic;
				CURRENT_PROJECT_VERSION = 1;
				DEVELOPMENT_ASSET_PATHS = "\"ChatPrototype/Preview Content\"";
				ENABLE_PREVIEWS = YES;
				GENERATE_INFOPLIST_FILE = YES;
				"INFOPLIST_KEY_UIApplicationSceneManifest_Generation[sdk=iphoneos*]" = YES;
				"INFOPLIST_KEY_UIApplicationSceneManifest_Generation[sdk=iphonesimulator*]" = YES;
				"INFOPLIST_KEY_UIApplicationSupportsIndirectInputEvents[sdk=iphoneos*]" = YES;
				"INFOPLIST_KEY_UIApplicationSupportsIndirectInputEvents[sdk=iphonesimulator*]" = YES;
				"INFOPLIST_KEY_UILaunchScreen_Generation[sdk=iphoneos*]" = YES;
				"INFOPLIST_KEY_UILaunchScreen_Generation[sdk=iphonesimulator*]" = YES;
				"INFOPLIST_KEY_UIStatusBarStyle[sdk=iphoneos*]" = UIStatusBarStyleDefault;
				"INFOPLIST_KEY_UIStatusBarStyle[sdk=iphonesimulator*]" = UIStatusBarStyleDefault;
				INFOPLIST_KEY_UISupportedInterfaceOrientations_iPad = "UIInterfaceOrientationPortrait UIInterfaceOrientationPortraitUpsideDown UIInterfaceOrientationLandscapeLeft UIInterfaceOrientationLandscapeRight";
				INFOPLIST_KEY_UISupportedInterfaceOrientations_iPhone = "UIInterfaceOrientationPortrait UIInterfaceOrientationLandscapeLeft UIInterfaceOrientationLandscapeRight";
				IPHONEOS_DEPLOYMENT_TARGET = 17.5;
				LD_RUNPATH_SEARCH_PATHS = "@executable_path/Frameworks";
				"LD_RUNPATH_SEARCH_PATHS[sdk=macosx*]" = "@executable_path/../Frameworks";
				MACOSX_DEPLOYMENT_TARGET = 14.5;
				MARKETING_VERSION = 1.0;
				PRODUCT_BUNDLE_IDENTIFIER = name.syafiiezaelani.ChatPrototype;
				PRODUCT_NAME = "$(TARGET_NAME)";
				SDKROOT = auto;
				SUPPORTED_PLATFORMS = "iphoneos iphonesimulator macosx";
				SWIFT_EMIT_LOC_STRINGS = YES;
				SWIFT_VERSION = 5.0;
				TARGETED_DEVICE_FAMILY = "1,2";
			};
			name = Debug;
		};
		A6D634052C1D2826008758E3 /* Release */ = {
			isa = XCBuildConfiguration;
			buildSettings = {
				ASSETCATALOG_COMPILER_APPICON_NAME = AppIcon;
				ASSETCATALOG_COMPILER_GLOBAL_ACCENT_COLOR_NAME = AccentColor;
				CODE_SIGN_ENTITLEMENTS = ChatPrototype/ChatPrototype.entitlements;
				CODE_SIGN_STYLE = Automatic;
				CURRENT_PROJECT_VERSION = 1;
				DEVELOPMENT_ASSET_PATHS = "\"ChatPrototype/Preview Content\"";
				ENABLE_PREVIEWS = YES;
				GENERATE_INFOPLIST_FILE = YES;
				"INFOPLIST_KEY_UIApplicationSceneManifest_Generation[sdk=iphoneos*]" = YES;
				"INFOPLIST_KEY_UIApplicationSceneManifest_Generation[sdk=iphonesimulator*]" = YES;
				"INFOPLIST_KEY_UIApplicationSupportsIndirectInputEvents[sdk=iphoneos*]" = YES;
				"INFOPLIST_KEY_UIApplicationSupportsIndirectInputEvents[sdk=iphonesimulator*]" = YES;
				"INFOPLIST_KEY_UILaunchScreen_Generation[sdk=iphoneos*]" = YES;
				"INFOPLIST_KEY_UILaunchScreen_Generation[sdk=iphonesimulator*]" = YES;
				"INFOPLIST_KEY_UIStatusBarStyle[sdk=iphoneos*]" = UIStatusBarStyleDefault;
				"INFOPLIST_KEY_UIStatusBarStyle[sdk=iphonesimulator*]" = UIStatusBarStyleDefault;
				INFOPLIST_KEY_UISupportedInterfaceOrientations_iPad = "UIInterfaceOrientationPortrait UIInterfaceOrientationPortraitUpsideDown UIInterfaceOrientationLandscapeLeft UIInterfaceOrientationLandscapeRight";
				INFOPLIST_KEY_UISupportedInterfaceOrientations_iPhone = "UIInterfaceOrientationPortrait UIInterfaceOrientationLandscapeLeft UIInterfaceOrientationLandscapeRight";
				IPHONEOS_DEPLOYMENT_TARGET = 17.5;
				LD_RUNPATH_SEARCH_PATHS = "@executable_path/Frameworks";
				"LD_RUNPATH_SEARCH_PATHS[sdk=macosx*]" = "@executable_path/../Frameworks";
				MACOSX_DEPLOYMENT_TARGET = 14.5;
				MARKETING_VERSION = 1.0;
				PRODUCT_BUNDLE_IDENTIFIER = name.syafiiezaelani.ChatPrototype;
				PRODUCT_NAME = "$(TARGET_NAME)";
				SDKROOT = auto;
				SUPPORTED_PLATFORMS = "iphoneos iphonesimulator macosx";
				SWIFT_EMIT_LOC_STRINGS = YES;
				SWIFT_VERSION = 5.0;
				TARGETED_DEVICE_FAMILY = "1,2";
			};
			name = Release;
		};
		A6D634072C1D2826008758E3 /* Debug */ = {
			isa = XCBuildConfiguration;
			buildSettings = {
				ALWAYS_EMBED_SWIFT_STANDARD_LIBRARIES = YES;
				BUNDLE_LOADER = "$(TEST_HOST)";
				CODE_SIGN_STYLE = Automatic;
				CURRENT_PROJECT_VERSION = 1;
				GENERATE_INFOPLIST_FILE = YES;
				IPHONEOS_DEPLOYMENT_TARGET = 17.5;
				MACOSX_DEPLOYMENT_TARGET = 14.5;
				MARKETING_VERSION = 1.0;
				PRODUCT_BUNDLE_IDENTIFIER = name.syafiiezaelani.ChatPrototypeTests;
				PRODUCT_NAME = "$(TARGET_NAME)";
				SDKROOT = auto;
				SUPPORTED_PLATFORMS = "iphoneos iphonesimulator macosx";
				SWIFT_EMIT_LOC_STRINGS = NO;
				SWIFT_VERSION = 5.0;
				TARGETED_DEVICE_FAMILY = "1,2";
				TEST_HOST = "$(BUILT_PRODUCTS_DIR)/ChatPrototype.app/$(BUNDLE_EXECUTABLE_FOLDER_PATH)/ChatPrototype";
			};
			name = Debug;
		};
		A6D634082C1D2826008758E3 /* Release */ = {
			isa = XCBuildConfiguration;
			buildSettings = {
				ALWAYS_EMBED_SWIFT_STANDARD_LIBRARIES = YES;
				BUNDLE_LOADER = "$(TEST_HOST)";
				CODE_SIGN_STYLE = Automatic;
				CURRENT_PROJECT_VERSION = 1;
				GENERATE_INFOPLIST_FILE = YES;
				IPHONEOS_DEPLOYMENT_TARGET = 17.5;
				MACOSX_DEPLOYMENT_TARGET = 14.5;
				MARKETING_VERSION = 1.0;
				PRODUCT_BUNDLE_IDENTIFIER = name.syafiiezaelani.ChatPrototypeTests;
				PRODUCT_NAME = "$(TARGET_NAME)";
				SDKROOT = auto;
				SUPPORTED_PLATFORMS = "iphoneos iphonesimulator macosx";
				SWIFT_EMIT_LOC_STRINGS = NO;
				SWIFT_VERSION = 5.0;
				TARGETED_DEVICE_FAMILY = "1,2";
				TEST_HOST = "$(BUILT_PRODUCTS_DIR)/ChatPrototype.app/$(BUNDLE_EXECUTABLE_FOLDER_PATH)/ChatPrototype";
			};
			name = Release;
		};
		A6D6340A2C1D2826008758E3 /* Debug */ = {
			isa = XCBuildConfiguration;
			buildSettings = {
				ALWAYS_EMBED_SWIFT_STANDARD_LIBRARIES = YES;
				CODE_SIGN_STYLE = Automatic;
				CURRENT_PROJECT_VERSION = 1;
				GENERATE_INFOPLIST_FILE = YES;
				IPHONEOS_DEPLOYMENT_TARGET = 17.5;
				MACOSX_DEPLOYMENT_TARGET = 14.5;
				MARKETING_VERSION = 1.0;
				PRODUCT_BUNDLE_IDENTIFIER = name.syafiiezaelani.ChatPrototypeUITests;
				PRODUCT_NAME = "$(TARGET_NAME)";
				SDKROOT = auto;
				SUPPORTED_PLATFORMS = "iphoneos iphonesimulator macosx";
				SWIFT_EMIT_LOC_STRINGS = NO;
				SWIFT_VERSION = 5.0;
				TARGETED_DEVICE_FAMILY = "1,2";
				TEST_TARGET_NAME = ChatPrototype;
			};
			name = Debug;
		};
		A6D6340B2C1D2826008758E3 /* Release */ = {
			isa = XCBuildConfiguration;
			buildSettings = {
				ALWAYS_EMBED_SWIFT_STANDARD_LIBRARIES = YES;
				CODE_SIGN_STYLE = Automatic;
				CURRENT_PROJECT_VERSION = 1;
				GENERATE_INFOPLIST_FILE = YES;
				IPHONEOS_DEPLOYMENT_TARGET = 17.5;
				MACOSX_DEPLOYMENT_TARGET = 14.5;
				MARKETING_VERSION = 1.0;
				PRODUCT_BUNDLE_IDENTIFIER = name.syafiiezaelani.ChatPrototypeUITests;
				PRODUCT_NAME = "$(TARGET_NAME)";
				SDKROOT = auto;
				SUPPORTED_PLATFORMS = "iphoneos iphonesimulator macosx";
				SWIFT_EMIT_LOC_STRINGS = NO;
				SWIFT_VERSION = 5.0;
				TARGETED_DEVICE_FAMILY = "1,2";
				TEST_TARGET_NAME = ChatPrototype;
			};
			name = Release;
		};
/* End XCBuildConfiguration section */

/* Begin XCConfigurationList section */
		A6D633D92C1D2824008758E3 /* Build configuration list for PBXProject "ChatPrototype" */ = {
			isa = XCConfigurationList;
			buildConfigurations = (
				A6D634012C1D2826008758E3 /* Debug */,
				A6D634022C1D2826008758E3 /* Release */,
			);
			defaultConfigurationIsVisible = 0;
			defaultConfigurationName = Release;
		};
		A6D634032C1D2826008758E3 /* Build configuration list for PBXNativeTarget "ChatPrototype" */ = {
			isa = XCConfigurationList;
			buildConfigurations = (
				A6D634042C1D2826008758E3 /* Debug */,
				A6D634052C1D2826008758E3 /* Release */,
			);
			defaultConfigurationIsVisible = 0;
			defaultConfigurationName = Release;
		};
		A6D634062C1D2826008758E3 /* Build configuration list for PBXNativeTarget "ChatPrototypeTests" */ = {
			isa = XCConfigurationList;
			buildConfigurations = (
				A6D634072C1D2826008758E3 /* Debug */,
				A6D634082C1D2826008758E3 /* Release */,
			);
			defaultConfigurationIsVisible = 0;
			defaultConfigurationName = Release;
		};
		A6D634092C1D2826008758E3 /* Build configuration list for PBXNativeTarget "ChatPrototypeUITests" */ = {
			isa = XCConfigurationList;
			buildConfigurations = (
				A6D6340A2C1D2826008758E3 /* Debug */,
				A6D6340B2C1D2826008758E3 /* Release */,
			);
			defaultConfigurationIsVisible = 0;
			defaultConfigurationName = Release;
		};
/* End XCConfigurationList section */
	};
	rootObject = A6D633D62C1D2824008758E3 /* Project object */;
}
